// !$*UTF8*$!
{
	archiveVersion = 1;
	classes = {
	};
	objectVersion = 46;
	objects = {

/* Begin PBXBuildFile section */
		3F0EA0D31D131501004B18DD /* AppDelegate.swift in Sources */ = {isa = PBXBuildFile; fileRef = 3F0EA0D21D131501004B18DD /* AppDelegate.swift */; };
		3F0EA0D81D131501004B18DD /* Main.storyboard in Resources */ = {isa = PBXBuildFile; fileRef = 3F0EA0D61D131501004B18DD /* Main.storyboard */; };
		3F0EA0DA1D131501004B18DD /* Assets.xcassets in Resources */ = {isa = PBXBuildFile; fileRef = 3F0EA0D91D131501004B18DD /* Assets.xcassets */; };
		3F0EA0DD1D131501004B18DD /* LaunchScreen.storyboard in Resources */ = {isa = PBXBuildFile; fileRef = 3F0EA0DB1D131501004B18DD /* LaunchScreen.storyboard */; };
		3F0EA0E81D131501004B18DD /* tumblrTests.swift in Sources */ = {isa = PBXBuildFile; fileRef = 3F0EA0E71D131501004B18DD /* tumblrTests.swift */; };
		3F0EA0F31D131501004B18DD /* tumblrUITests.swift in Sources */ = {isa = PBXBuildFile; fileRef = 3F0EA0F21D131501004B18DD /* tumblrUITests.swift */; };
		3F0EA1011D131607004B18DD /* PhotosViewController.swift in Sources */ = {isa = PBXBuildFile; fileRef = 3F0EA1001D131607004B18DD /* PhotosViewController.swift */; };
		3F0EA1031D131BBF004B18DD /* PhotoCell.swift in Sources */ = {isa = PBXBuildFile; fileRef = 3F0EA1021D131BBF004B18DD /* PhotoCell.swift */; };
		3F0EA1051D1325D4004B18DD /* PhotoDetailsViewController.swift in Sources */ = {isa = PBXBuildFile; fileRef = 3F0EA1041D1325D4004B18DD /* PhotoDetailsViewController.swift */; };
		89F1FA4A406D9A77ACBDD2DF /* Pods_tumblrTests.framework in Frameworks */ = {isa = PBXBuildFile; fileRef = 1C7E75CA05954345585CC9D5 /* Pods_tumblrTests.framework */; };
		BF14403F2F9E9383514185DC /* Pods_tumblrUITests.framework in Frameworks */ = {isa = PBXBuildFile; fileRef = 6D0548EE72D0CCF9D685220C /* Pods_tumblrUITests.framework */; };
		FB3114106117FF54E26C4438 /* Pods_tumblr.framework in Frameworks */ = {isa = PBXBuildFile; fileRef = 0C01450D21431E423FF537E2 /* Pods_tumblr.framework */; };
/* End PBXBuildFile section */

/* Begin PBXContainerItemProxy section */
		3F0EA0E41D131501004B18DD /* PBXContainerItemProxy */ = {
			isa = PBXContainerItemProxy;
			containerPortal = 3F0EA0C71D131501004B18DD /* Project object */;
			proxyType = 1;
			remoteGlobalIDString = 3F0EA0CE1D131501004B18DD;
			remoteInfo = tumblr;
		};
		3F0EA0EF1D131501004B18DD /* PBXContainerItemProxy */ = {
			isa = PBXContainerItemProxy;
			containerPortal = 3F0EA0C71D131501004B18DD /* Project object */;
			proxyType = 1;
			remoteGlobalIDString = 3F0EA0CE1D131501004B18DD;
			remoteInfo = tumblr;
		};
/* End PBXContainerItemProxy section */

/* Begin PBXFileReference section */
		0C01450D21431E423FF537E2 /* Pods_tumblr.framework */ = {isa = PBXFileReference; explicitFileType = wrapper.framework; includeInIndex = 0; path = Pods_tumblr.framework; sourceTree = BUILT_PRODUCTS_DIR; };
		1C7E75CA05954345585CC9D5 /* Pods_tumblrTests.framework */ = {isa = PBXFileReference; explicitFileType = wrapper.framework; includeInIndex = 0; path = Pods_tumblrTests.framework; sourceTree = BUILT_PRODUCTS_DIR; };
		3F0EA0CF1D131501004B18DD /* tumblr.app */ = {isa = PBXFileReference; explicitFileType = wrapper.application; includeInIndex = 0; path = tumblr.app; sourceTree = BUILT_PRODUCTS_DIR; };
		3F0EA0D21D131501004B18DD /* AppDelegate.swift */ = {isa = PBXFileReference; lastKnownFileType = sourcecode.swift; path = AppDelegate.swift; sourceTree = "<group>"; };
		3F0EA0D71D131501004B18DD /* Base */ = {isa = PBXFileReference; lastKnownFileType = file.storyboard; name = Base; path = Base.lproj/Main.storyboard; sourceTree = "<group>"; };
		3F0EA0D91D131501004B18DD /* Assets.xcassets */ = {isa = PBXFileReference; lastKnownFileType = folder.assetcatalog; path = Assets.xcassets; sourceTree = "<group>"; };
		3F0EA0DC1D131501004B18DD /* Base */ = {isa = PBXFileReference; lastKnownFileType = file.storyboard; name = Base; path = Base.lproj/LaunchScreen.storyboard; sourceTree = "<group>"; };
		3F0EA0DE1D131501004B18DD /* Info.plist */ = {isa = PBXFileReference; lastKnownFileType = text.plist.xml; path = Info.plist; sourceTree = "<group>"; };
		3F0EA0E31D131501004B18DD /* tumblrTests.xctest */ = {isa = PBXFileReference; explicitFileType = wrapper.cfbundle; includeInIndex = 0; path = tumblrTests.xctest; sourceTree = BUILT_PRODUCTS_DIR; };
		3F0EA0E71D131501004B18DD /* tumblrTests.swift */ = {isa = PBXFileReference; lastKnownFileType = sourcecode.swift; path = tumblrTests.swift; sourceTree = "<group>"; };
		3F0EA0E91D131501004B18DD /* Info.plist */ = {isa = PBXFileReference; lastKnownFileType = text.plist.xml; path = Info.plist; sourceTree = "<group>"; };
		3F0EA0EE1D131501004B18DD /* tumblrUITests.xctest */ = {isa = PBXFileReference; explicitFileType = wrapper.cfbundle; includeInIndex = 0; path = tumblrUITests.xctest; sourceTree = BUILT_PRODUCTS_DIR; };
		3F0EA0F21D131501004B18DD /* tumblrUITests.swift */ = {isa = PBXFileReference; lastKnownFileType = sourcecode.swift; path = tumblrUITests.swift; sourceTree = "<group>"; };
		3F0EA0F41D131501004B18DD /* Info.plist */ = {isa = PBXFileReference; lastKnownFileType = text.plist.xml; path = Info.plist; sourceTree = "<group>"; };
		3F0EA1001D131607004B18DD /* PhotosViewController.swift */ = {isa = PBXFileReference; fileEncoding = 4; lastKnownFileType = sourcecode.swift; path = PhotosViewController.swift; sourceTree = "<group>"; };
		3F0EA1021D131BBF004B18DD /* PhotoCell.swift */ = {isa = PBXFileReference; fileEncoding = 4; lastKnownFileType = sourcecode.swift; name = PhotoCell.swift; path = ../PhotoCell.swift; sourceTree = "<group>"; };
		3F0EA1041D1325D4004B18DD /* PhotoDetailsViewController.swift */ = {isa = PBXFileReference; fileEncoding = 4; lastKnownFileType = sourcecode.swift; path = PhotoDetailsViewController.swift; sourceTree = "<group>"; };
		58669F27349498787A341E95 /* Pods-tumblr.release.xcconfig */ = {isa = PBXFileReference; includeInIndex = 1; lastKnownFileType = text.xcconfig; name = "Pods-tumblr.release.xcconfig"; path = "Pods/Target Support Files/Pods-tumblr/Pods-tumblr.release.xcconfig"; sourceTree = "<group>"; };
		6C5A1F341F786937704C8E46 /* Pods-tumblrUITests.release.xcconfig */ = {isa = PBXFileReference; includeInIndex = 1; lastKnownFileType = text.xcconfig; name = "Pods-tumblrUITests.release.xcconfig"; path = "Pods/Target Support Files/Pods-tumblrUITests/Pods-tumblrUITests.release.xcconfig"; sourceTree = "<group>"; };
		6D0548EE72D0CCF9D685220C /* Pods_tumblrUITests.framework */ = {isa = PBXFileReference; explicitFileType = wrapper.framework; includeInIndex = 0; path = Pods_tumblrUITests.framework; sourceTree = BUILT_PRODUCTS_DIR; };
		94ABEFC56EA5915836DCA337 /* Pods-tumblrTests.release.xcconfig */ = {isa = PBXFileReference; includeInIndex = 1; lastKnownFileType = text.xcconfig; name = "Pods-tumblrTests.release.xcconfig"; path = "Pods/Target Support Files/Pods-tumblrTests/Pods-tumblrTests.release.xcconfig"; sourceTree = "<group>"; };
		CCA000CA309995BAB421C6FC /* Pods-tumblr.debug.xcconfig */ = {isa = PBXFileReference; includeInIndex = 1; lastKnownFileType = text.xcconfig; name = "Pods-tumblr.debug.xcconfig"; path = "Pods/Target Support Files/Pods-tumblr/Pods-tumblr.debug.xcconfig"; sourceTree = "<group>"; };
		DA752DD90C1DDCA87BBDEF25 /* Pods-tumblrTests.debug.xcconfig */ = {isa = PBXFileReference; includeInIndex = 1; lastKnownFileType = text.xcconfig; name = "Pods-tumblrTests.debug.xcconfig"; path = "Pods/Target Support Files/Pods-tumblrTests/Pods-tumblrTests.debug.xcconfig"; sourceTree = "<group>"; };
		E7CE0C790920E0D28F548B14 /* Pods-tumblrUITests.debug.xcconfig */ = {isa = PBXFileReference; includeInIndex = 1; lastKnownFileType = text.xcconfig; name = "Pods-tumblrUITests.debug.xcconfig"; path = "Pods/Target Support Files/Pods-tumblrUITests/Pods-tumblrUITests.debug.xcconfig"; sourceTree = "<group>"; };
/* End PBXFileReference section */

/* Begin PBXFrameworksBuildPhase section */
		3F0EA0CC1D131501004B18DD /* Frameworks */ = {
			isa = PBXFrameworksBuildPhase;
			buildActionMask = 2147483647;
			files = (
				FB3114106117FF54E26C4438 /* Pods_tumblr.framework in Frameworks */,
			);
			runOnlyForDeploymentPostprocessing = 0;
		};
		3F0EA0E01D131501004B18DD /* Frameworks */ = {
			isa = PBXFrameworksBuildPhase;
			buildActionMask = 2147483647;
			files = (
				89F1FA4A406D9A77ACBDD2DF /* Pods_tumblrTests.framework in Frameworks */,
			);
			runOnlyForDeploymentPostprocessing = 0;
		};
		3F0EA0EB1D131501004B18DD /* Frameworks */ = {
			isa = PBXFrameworksBuildPhase;
			buildActionMask = 2147483647;
			files = (
				BF14403F2F9E9383514185DC /* Pods_tumblrUITests.framework in Frameworks */,
			);
			runOnlyForDeploymentPostprocessing = 0;
		};
/* End PBXFrameworksBuildPhase section */

/* Begin PBXGroup section */
		2B15172CE118CADAB5AAC3FB /* Pods */ = {
			isa = PBXGroup;
			children = (
				CCA000CA309995BAB421C6FC /* Pods-tumblr.debug.xcconfig */,
				58669F27349498787A341E95 /* Pods-tumblr.release.xcconfig */,
				DA752DD90C1DDCA87BBDEF25 /* Pods-tumblrTests.debug.xcconfig */,
				94ABEFC56EA5915836DCA337 /* Pods-tumblrTests.release.xcconfig */,
				E7CE0C790920E0D28F548B14 /* Pods-tumblrUITests.debug.xcconfig */,
				6C5A1F341F786937704C8E46 /* Pods-tumblrUITests.release.xcconfig */,
			);
			name = Pods;
			sourceTree = "<group>";
		};
		3F0EA0C61D131501004B18DD = {
			isa = PBXGroup;
			children = (
				3F0EA0D11D131501004B18DD /* tumblr */,
				3F0EA0E61D131501004B18DD /* tumblrTests */,
				3F0EA0F11D131501004B18DD /* tumblrUITests */,
				3F0EA0D01D131501004B18DD /* Products */,
				2B15172CE118CADAB5AAC3FB /* Pods */,
				D8CEF97A4B82D3126537FF52 /* Frameworks */,
			);
			sourceTree = "<group>";
		};
		3F0EA0D01D131501004B18DD /* Products */ = {
			isa = PBXGroup;
			children = (
				3F0EA0CF1D131501004B18DD /* tumblr.app */,
				3F0EA0E31D131501004B18DD /* tumblrTests.xctest */,
				3F0EA0EE1D131501004B18DD /* tumblrUITests.xctest */,
			);
			name = Products;
			sourceTree = "<group>";
		};
		3F0EA0D11D131501004B18DD /* tumblr */ = {
			isa = PBXGroup;
			children = (
				3F0EA1021D131BBF004B18DD /* PhotoCell.swift */,
				3F0EA0D21D131501004B18DD /* AppDelegate.swift */,
				3F0EA0D61D131501004B18DD /* Main.storyboard */,
				3F0EA1001D131607004B18DD /* PhotosViewController.swift */,
				3F0EA0D91D131501004B18DD /* Assets.xcassets */,
				3F0EA0DB1D131501004B18DD /* LaunchScreen.storyboard */,
				3F0EA0DE1D131501004B18DD /* Info.plist */,
				3F0EA1041D1325D4004B18DD /* PhotoDetailsViewController.swift */,
			);
			path = tumblr;
			sourceTree = "<group>";
		};
		3F0EA0E61D131501004B18DD /* tumblrTests */ = {
			isa = PBXGroup;
			children = (
				3F0EA0E71D131501004B18DD /* tumblrTests.swift */,
				3F0EA0E91D131501004B18DD /* Info.plist */,
			);
			path = tumblrTests;
			sourceTree = "<group>";
		};
		3F0EA0F11D131501004B18DD /* tumblrUITests */ = {
			isa = PBXGroup;
			children = (
				3F0EA0F21D131501004B18DD /* tumblrUITests.swift */,
				3F0EA0F41D131501004B18DD /* Info.plist */,
			);
			path = tumblrUITests;
			sourceTree = "<group>";
		};
		D8CEF97A4B82D3126537FF52 /* Frameworks */ = {
			isa = PBXGroup;
			children = (
				0C01450D21431E423FF537E2 /* Pods_tumblr.framework */,
				1C7E75CA05954345585CC9D5 /* Pods_tumblrTests.framework */,
				6D0548EE72D0CCF9D685220C /* Pods_tumblrUITests.framework */,
			);
			name = Frameworks;
			sourceTree = "<group>";
		};
/* End PBXGroup section */

/* Begin PBXNativeTarget section */
		3F0EA0CE1D131501004B18DD /* tumblr */ = {
			isa = PBXNativeTarget;
			buildConfigurationList = 3F0EA0F71D131501004B18DD /* Build configuration list for PBXNativeTarget "tumblr" */;
			buildPhases = (
				CD0CFD73AE73ADDD2A0C4159 /* [CP] Check Pods Manifest.lock */,
				3F0EA0CB1D131501004B18DD /* Sources */,
				3F0EA0CC1D131501004B18DD /* Frameworks */,
				3F0EA0CD1D131501004B18DD /* Resources */,
				04B71D9B43584BA3270C9C76 /* [CP] Embed Pods Frameworks */,
				82AA64AC720B27D5A0D37E9A /* [CP] Copy Pods Resources */,
			);
			buildRules = (
			);
			dependencies = (
			);
			name = tumblr;
			productName = tumblr;
			productReference = 3F0EA0CF1D131501004B18DD /* tumblr.app */;
			productType = "com.apple.product-type.application";
		};
		3F0EA0E21D131501004B18DD /* tumblrTests */ = {
			isa = PBXNativeTarget;
			buildConfigurationList = 3F0EA0FA1D131501004B18DD /* Build configuration list for PBXNativeTarget "tumblrTests" */;
			buildPhases = (
				B8DF0FABC85C61E9BD8A00AF /* [CP] Check Pods Manifest.lock */,
				3F0EA0DF1D131501004B18DD /* Sources */,
				3F0EA0E01D131501004B18DD /* Frameworks */,
				3F0EA0E11D131501004B18DD /* Resources */,
				836F749A7B18B353FC086F52 /* [CP] Embed Pods Frameworks */,
				644CC36D28ADC5E27E772938 /* [CP] Copy Pods Resources */,
			);
			buildRules = (
			);
			dependencies = (
				3F0EA0E51D131501004B18DD /* PBXTargetDependency */,
			);
			name = tumblrTests;
			productName = tumblrTests;
			productReference = 3F0EA0E31D131501004B18DD /* tumblrTests.xctest */;
			productType = "com.apple.product-type.bundle.unit-test";
		};
		3F0EA0ED1D131501004B18DD /* tumblrUITests */ = {
			isa = PBXNativeTarget;
			buildConfigurationList = 3F0EA0FD1D131501004B18DD /* Build configuration list for PBXNativeTarget "tumblrUITests" */;
			buildPhases = (
				0A98611C790B7FFD7B30E902 /* [CP] Check Pods Manifest.lock */,
				3F0EA0EA1D131501004B18DD /* Sources */,
				3F0EA0EB1D131501004B18DD /* Frameworks */,
				3F0EA0EC1D131501004B18DD /* Resources */,
				23898FDEAF42BD92770FC894 /* [CP] Copy Pods Resources */,
			);
			buildRules = (
			);
			dependencies = (
				3F0EA0F01D131501004B18DD /* PBXTargetDependency */,
			);
			name = tumblrUITests;
			productName = tumblrUITests;
			productReference = 3F0EA0EE1D131501004B18DD /* tumblrUITests.xctest */;
			productType = "com.apple.product-type.bundle.ui-testing";
		};
/* End PBXNativeTarget section */

/* Begin PBXProject section */
		3F0EA0C71D131501004B18DD /* Project object */ = {
			isa = PBXProject;
			attributes = {
				LastSwiftUpdateCheck = 0730;
				LastUpgradeCheck = 0730;
				ORGANIZATIONNAME = "Aanya Alwani";
				TargetAttributes = {
					3F0EA0CE1D131501004B18DD = {
						CreatedOnToolsVersion = 7.3.1;
					};
					3F0EA0E21D131501004B18DD = {
						CreatedOnToolsVersion = 7.3.1;
						TestTargetID = 3F0EA0CE1D131501004B18DD;
					};
					3F0EA0ED1D131501004B18DD = {
						CreatedOnToolsVersion = 7.3.1;
						TestTargetID = 3F0EA0CE1D131501004B18DD;
					};
				};
			};
			buildConfigurationList = 3F0EA0CA1D131501004B18DD /* Build configuration list for PBXProject "tumblr" */;
			compatibilityVersion = "Xcode 3.2";
			developmentRegion = English;
			hasScannedForEncodings = 0;
			knownRegions = (
				en,
				Base,
			);
			mainGroup = 3F0EA0C61D131501004B18DD;
			productRefGroup = 3F0EA0D01D131501004B18DD /* Products */;
			projectDirPath = "";
			projectRoot = "";
			targets = (
				3F0EA0CE1D131501004B18DD /* tumblr */,
				3F0EA0E21D131501004B18DD /* tumblrTests */,
				3F0EA0ED1D131501004B18DD /* tumblrUITests */,
			);
		};
/* End PBXProject section */

/* Begin PBXResourcesBuildPhase section */
		3F0EA0CD1D131501004B18DD /* Resources */ = {
			isa = PBXResourcesBuildPhase;
			buildActionMask = 2147483647;
			files = (
				3F0EA0DD1D131501004B18DD /* LaunchScreen.storyboard in Resources */,
				3F0EA0DA1D131501004B18DD /* Assets.xcassets in Resources */,
				3F0EA0D81D131501004B18DD /* Main.storyboard in Resources */,
			);
			runOnlyForDeploymentPostprocessing = 0;
		};
		3F0EA0E11D131501004B18DD /* Resources */ = {
			isa = PBXResourcesBuildPhase;
			buildActionMask = 2147483647;
			files = (
			);
			runOnlyForDeploymentPostprocessing = 0;
		};
		3F0EA0EC1D131501004B18DD /* Resources */ = {
			isa = PBXResourcesBuildPhase;
			buildActionMask = 2147483647;
			files = (
			);
			runOnlyForDeploymentPostprocessing = 0;
		};
/* End PBXResourcesBuildPhase section */

/* Begin PBXShellScriptBuildPhase section */
		04B71D9B43584BA3270C9C76 /* [CP] Embed Pods Frameworks */ = {
			isa = PBXShellScriptBuildPhase;
			buildActionMask = 2147483647;
			files = (
			);
			inputPaths = (
			);
			name = "[CP] Embed Pods Frameworks";
			outputPaths = (
			);
			runOnlyForDeploymentPostprocessing = 0;
			shellPath = /bin/sh;
			shellScript = "\"${SRCROOT}/Pods/Target Support Files/Pods-tumblr/Pods-tumblr-frameworks.sh\"\n";
			showEnvVarsInLog = 0;
		};
		0A98611C790B7FFD7B30E902 /* [CP] Check Pods Manifest.lock */ = {
			isa = PBXShellScriptBuildPhase;
			buildActionMask = 2147483647;
			files = (
			);
			inputPaths = (
			);
			name = "[CP] Check Pods Manifest.lock";
			outputPaths = (
			);
			runOnlyForDeploymentPostprocessing = 0;
			shellPath = /bin/sh;
			shellScript = "diff \"${PODS_ROOT}/../Podfile.lock\" \"${PODS_ROOT}/Manifest.lock\" > /dev/null\nif [[ $? != 0 ]] ; then\n    cat << EOM\nerror: The sandbox is not in sync with the Podfile.lock. Run 'pod install' or update your CocoaPods installation.\nEOM\n    exit 1\nfi\n";
			showEnvVarsInLog = 0;
		};
		23898FDEAF42BD92770FC894 /* [CP] Copy Pods Resources */ = {
			isa = PBXShellScriptBuildPhase;
			buildActionMask = 2147483647;
			files = (
			);
			inputPaths = (
			);
			name = "[CP] Copy Pods Resources";
			outputPaths = (
			);
			runOnlyForDeploymentPostprocessing = 0;
			shellPath = /bin/sh;
			shellScript = "\"${SRCROOT}/Pods/Target Support Files/Pods-tumblrUITests/Pods-tumblrUITests-resources.sh\"\n";
			showEnvVarsInLog = 0;
		};
		644CC36D28ADC5E27E772938 /* [CP] Copy Pods Resources */ = {
			isa = PBXShellScriptBuildPhase;
			buildActionMask = 2147483647;
			files = (
			);
			inputPaths = (
			);
			name = "[CP] Copy Pods Resources";
			outputPaths = (
			);
			runOnlyForDeploymentPostprocessing = 0;
			shellPath = /bin/sh;
			shellScript = "\"${SRCROOT}/Pods/Target Support Files/Pods-tumblrTests/Pods-tumblrTests-resources.sh\"\n";
			showEnvVarsInLog = 0;
		};
		82AA64AC720B27D5A0D37E9A /* [CP] Copy Pods Resources */ = {
			isa = PBXShellScriptBuildPhase;
			buildActionMask = 2147483647;
			files = (
			);
			inputPaths = (
			);
			name = "[CP] Copy Pods Resources";
			outputPaths = (
			);
			runOnlyForDeploymentPostprocessing = 0;
			shellPath = /bin/sh;
			shellScript = "\"${SRCROOT}/Pods/Target Support Files/Pods-tumblr/Pods-tumblr-resources.sh\"\n";
			showEnvVarsInLog = 0;
		};
		836F749A7B18B353FC086F52 /* [CP] Embed Pods Frameworks */ = {
			isa = PBXShellScriptBuildPhase;
			buildActionMask = 2147483647;
			files = (
			);
			inputPaths = (
			);
			name = "[CP] Embed Pods Frameworks";
			outputPaths = (
			);
			runOnlyForDeploymentPostprocessing = 0;
			shellPath = /bin/sh;
			shellScript = "\"${SRCROOT}/Pods/Target Support Files/Pods-tumblrTests/Pods-tumblrTests-frameworks.sh\"\n";
			showEnvVarsInLog = 0;
		};
		B8DF0FABC85C61E9BD8A00AF /* [CP] Check Pods Manifest.lock */ = {
			isa = PBXShellScriptBuildPhase;
			buildActionMask = 2147483647;
			files = (
			);
			inputPaths = (
			);
			name = "[CP] Check Pods Manifest.lock";
			outputPaths = (
			);
			runOnlyForDeploymentPostprocessing = 0;
			shellPath = /bin/sh;
			shellScript = "diff \"${PODS_ROOT}/../Podfile.lock\" \"${PODS_ROOT}/Manifest.lock\" > /dev/null\nif [[ $? != 0 ]] ; then\n    cat << EOM\nerror: The sandbox is not in sync with the Podfile.lock. Run 'pod install' or update your CocoaPods installation.\nEOM\n    exit 1\nfi\n";
			showEnvVarsInLog = 0;
		};
		CD0CFD73AE73ADDD2A0C4159 /* [CP] Check Pods Manifest.lock */ = {
			isa = PBXShellScriptBuildPhase;
			buildActionMask = 2147483647;
			files = (
			);
			inputPaths = (
			);
			name = "[CP] Check Pods Manifest.lock";
			outputPaths = (
			);
			runOnlyForDeploymentPostprocessing = 0;
			shellPath = /bin/sh;
			shellScript = "diff \"${PODS_ROOT}/../Podfile.lock\" \"${PODS_ROOT}/Manifest.lock\" > /dev/null\nif [[ $? != 0 ]] ; then\n    cat << EOM\nerror: The sandbox is not in sync with the Podfile.lock. Run 'pod install' or update your CocoaPods installation.\nEOM\n    exit 1\nfi\n";
			showEnvVarsInLog = 0;
		};
/* End PBXShellScriptBuildPhase section */

/* Begin PBXSourcesBuildPhase section */
		3F0EA0CB1D131501004B18DD /* Sources */ = {
			isa = PBXSourcesBuildPhase;
			buildActionMask = 2147483647;
			files = (
				3F0EA1051D1325D4004B18DD /* PhotoDetailsViewController.swift in Sources */,
				3F0EA0D31D131501004B18DD /* AppDelegate.swift in Sources */,
				3F0EA1031D131BBF004B18DD /* PhotoCell.swift in Sources */,
				3F0EA1011D131607004B18DD /* PhotosViewController.swift in Sources */,
			);
			runOnlyForDeploymentPostprocessing = 0;
		};
		3F0EA0DF1D131501004B18DD /* Sources */ = {
			isa = PBXSourcesBuildPhase;
			buildActionMask = 2147483647;
			files = (
				3F0EA0E81D131501004B18DD /* tumblrTests.swift in Sources */,
			);
			runOnlyForDeploymentPostprocessing = 0;
		};
		3F0EA0EA1D131501004B18DD /* Sources */ = {
			isa = PBXSourcesBuildPhase;
			buildActionMask = 2147483647;
			files = (
				3F0EA0F31D131501004B18DD /* tumblrUITests.swift in Sources */,
			);
			runOnlyForDeploymentPostprocessing = 0;
		};
/* End PBXSourcesBuildPhase section */

/* Begin PBXTargetDependency section */
		3F0EA0E51D131501004B18DD /* PBXTargetDependency */ = {
			isa = PBXTargetDependency;
			target = 3F0EA0CE1D131501004B18DD /* tumblr */;
			targetProxy = 3F0EA0E41D131501004B18DD /* PBXContainerItemProxy */;
		};
		3F0EA0F01D131501004B18DD /* PBXTargetDependency */ = {
			isa = PBXTargetDependency;
			target = 3F0EA0CE1D131501004B18DD /* tumblr */;
			targetProxy = 3F0EA0EF1D131501004B18DD /* PBXContainerItemProxy */;
		};
/* End PBXTargetDependency section */

/* Begin PBXVariantGroup section */
		3F0EA0D61D131501004B18DD /* Main.storyboard */ = {
			isa = PBXVariantGroup;
			children = (
				3F0EA0D71D131501004B18DD /* Base */,
			);
			name = Main.storyboard;
			sourceTree = "<group>";
		};
		3F0EA0DB1D131501004B18DD /* LaunchScreen.storyboard */ = {
			isa = PBXVariantGroup;
			children = (
				3F0EA0DC1D131501004B18DD /* Base */,
			);
			name = LaunchScreen.storyboard;
			sourceTree = "<group>";
		};
/* End PBXVariantGroup section */

/* Begin XCBuildConfiguration section */
		3F0EA0F51D131501004B18DD /* Debug */ = {
			isa = XCBuildConfiguration;
			buildSettings = {
				ALWAYS_SEARCH_USER_PATHS = NO;
				CLANG_ANALYZER_NONNULL = YES;
				CLANG_CXX_LANGUAGE_STANDARD = "gnu++0x";
				CLANG_CXX_LIBRARY = "libc++";
				CLANG_ENABLE_MODULES = YES;
				CLANG_ENABLE_OBJC_ARC = YES;
				CLANG_WARN_BOOL_CONVERSION = YES;
				CLANG_WARN_CONSTANT_CONVERSION = YES;
				CLANG_WARN_DIRECT_OBJC_ISA_USAGE = YES_ERROR;
				CLANG_WARN_EMPTY_BODY = YES;
				CLANG_WARN_ENUM_CONVERSION = YES;
				CLANG_WARN_INT_CONVERSION = YES;
				CLANG_WARN_OBJC_ROOT_CLASS = YES_ERROR;
				CLANG_WARN_UNREACHABLE_CODE = YES;
				CLANG_WARN__DUPLICATE_METHOD_MATCH = YES;
				"CODE_SIGN_IDENTITY[sdk=iphoneos*]" = "iPhone Developer";
				COPY_PHASE_STRIP = NO;
				DEBUG_INFORMATION_FORMAT = dwarf;
				ENABLE_STRICT_OBJC_MSGSEND = YES;
				ENABLE_TESTABILITY = YES;
				GCC_C_LANGUAGE_STANDARD = gnu99;
				GCC_DYNAMIC_NO_PIC = NO;
				GCC_NO_COMMON_BLOCKS = YES;
				GCC_OPTIMIZATION_LEVEL = 0;
				GCC_PREPROCESSOR_DEFINITIONS = (
					"DEBUG=1",
					"$(inherited)",
				);
				GCC_WARN_64_TO_32_BIT_CONVERSION = YES;
				GCC_WARN_ABOUT_RETURN_TYPE = YES_ERROR;
				GCC_WARN_UNDECLARED_SELECTOR = YES;
				GCC_WARN_UNINITIALIZED_AUTOS = YES_AGGRESSIVE;
				GCC_WARN_UNUSED_FUNCTION = YES;
				GCC_WARN_UNUSED_VARIABLE = YES;
				IPHONEOS_DEPLOYMENT_TARGET = 9.3;
				MTL_ENABLE_DEBUG_INFO = YES;
				ONLY_ACTIVE_ARCH = YES;
				SDKROOT = iphoneos;
				SWIFT_OPTIMIZATION_LEVEL = "-Onone";
			};
			name = Debug;
		};
		3F0EA0F61D131501004B18DD /* Release */ = {
			isa = XCBuildConfiguration;
			buildSettings = {
				ALWAYS_SEARCH_USER_PATHS = NO;
				CLANG_ANALYZER_NONNULL = YES;
				CLANG_CXX_LANGUAGE_STANDARD = "gnu++0x";
				CLANG_CXX_LIBRARY = "libc++";
				CLANG_ENABLE_MODULES = YES;
				CLANG_ENABLE_OBJC_ARC = YES;
				CLANG_WARN_BOOL_CONVERSION = YES;
				CLANG_WARN_CONSTANT_CONVERSION = YES;
				CLANG_WARN_DIRECT_OBJC_ISA_USAGE = YES_ERROR;
				CLANG_WARN_EMPTY_BODY = YES;
				CLANG_WARN_ENUM_CONVERSION = YES;
				CLANG_WARN_INT_CONVERSION = YES;
				CLANG_WARN_OBJC_ROOT_CLASS = YES_ERROR;
				CLANG_WARN_UNREACHABLE_CODE = YES;
				CLANG_WARN__DUPLICATE_METHOD_MATCH = YES;
				"CODE_SIGN_IDENTITY[sdk=iphoneos*]" = "iPhone Developer";
				COPY_PHASE_STRIP = NO;
				DEBUG_INFORMATION_FORMAT = "dwarf-with-dsym";
				ENABLE_NS_ASSERTIONS = NO;
				ENABLE_STRICT_OBJC_MSGSEND = YES;
				GCC_C_LANGUAGE_STANDARD = gnu99;
				GCC_NO_COMMON_BLOCKS = YES;
				GCC_WARN_64_TO_32_BIT_CONVERSION = YES;
				GCC_WARN_ABOUT_RETURN_TYPE = YES_ERROR;
				GCC_WARN_UNDECLARED_SELECTOR = YES;
				GCC_WARN_UNINITIALIZED_AUTOS = YES_AGGRESSIVE;
				GCC_WARN_UNUSED_FUNCTION = YES;
				GCC_WARN_UNUSED_VARIABLE = YES;
				IPHONEOS_DEPLOYMENT_TARGET = 9.3;
				MTL_ENABLE_DEBUG_INFO = NO;
				SDKROOT = iphoneos;
				VALIDATE_PRODUCT = YES;
			};
			name = Release;
		};
		3F0EA0F81D131501004B18DD /* Debug */ = {
			isa = XCBuildConfiguration;
			baseConfigurationReference = CCA000CA309995BAB421C6FC /* Pods-tumblr.debug.xcconfig */;
			buildSettings = {
				ASSETCATALOG_COMPILER_APPICON_NAME = AppIcon;
				INFOPLIST_FILE = tumblr/Info.plist;
				LD_RUNPATH_SEARCH_PATHS = "$(inherited) @executable_path/Frameworks";
				PRODUCT_BUNDLE_IDENTIFIER = com.codepath.tumblr;
				PRODUCT_NAME = "$(TARGET_NAME)";
			};
			name = Debug;
		};
		3F0EA0F91D131501004B18DD /* Release */ = {
			isa = XCBuildConfiguration;
			baseConfigurationReference = 58669F27349498787A341E95 /* Pods-tumblr.release.xcconfig */;
			buildSettings = {
				ASSETCATALOG_COMPILER_APPICON_NAME = AppIcon;
				INFOPLIST_FILE = tumblr/Info.plist;
				LD_RUNPATH_SEARCH_PATHS = "$(inherited) @executable_path/Frameworks";
				PRODUCT_BUNDLE_IDENTIFIER = com.codepath.tumblr;
				PRODUCT_NAME = "$(TARGET_NAME)";
			};
			name = Release;
		};
		3F0EA0FB1D131501004B18DD /* Debug */ = {
			isa = XCBuildConfiguration;
			baseConfigurationReference = DA752DD90C1DDCA87BBDEF25 /* Pods-tumblrTests.debug.xcconfig */;
			buildSettings = {
				BUNDLE_LOADER = "$(TEST_HOST)";
				INFOPLIST_FILE = tumblrTests/Info.plist;
				LD_RUNPATH_SEARCH_PATHS = "$(inherited) @executable_path/Frameworks @loader_path/Frameworks";
				PRODUCT_BUNDLE_IDENTIFIER = com.codepath.tumblrTests;
				PRODUCT_NAME = "$(TARGET_NAME)";
				TEST_HOST = "$(BUILT_PRODUCTS_DIR)/tumblr.app/tumblr";
			};
			name = Debug;
		};
		3F0EA0FC1D131501004B18DD /* Release */ = {
			isa = XCBuildConfiguration;
			baseConfigurationReference = 94ABEFC56EA5915836DCA337 /* Pods-tumblrTests.release.xcconfig */;
			buildSettings = {
				BUNDLE_LOADER = "$(TEST_HOST)";
				INFOPLIST_FILE = tumblrTests/Info.plist;
				LD_RUNPATH_SEARCH_PATHS = "$(inherited) @executable_path/Frameworks @loader_path/Frameworks";
				PRODUCT_BUNDLE_IDENTIFIER = com.codepath.tumblrTests;
				PRODUCT_NAME = "$(TARGET_NAME)";
				TEST_HOST = "$(BUILT_PRODUCTS_DIR)/tumblr.app/tumblr";
			};
			name = Release;
		};
		3F0EA0FE1D131501004B18DD /* Debug */ = {
			isa = XCBuildConfiguration;
			baseConfigurationReference = E7CE0C790920E0D28F548B14 /* Pods-tumblrUITests.debug.xcconfig */;
			buildSettings = {
				INFOPLIST_FILE = tumblrUITests/Info.plist;
				LD_RUNPATH_SEARCH_PATHS = "$(inherited) @executable_path/Frameworks @loader_path/Frameworks";
				PRODUCT_BUNDLE_IDENTIFIER = com.codepath.tumblrUITests;
				PRODUCT_NAME = "$(TARGET_NAME)";
				TEST_TARGET_NAME = tumblr;
			};
			name = Debug;
		};
		3F0EA0FF1D131501004B18DD /* Release */ = {
			isa = XCBuildConfiguration;
			baseConfigurationReference = 6C5A1F341F786937704C8E46 /* Pods-tumblrUITests.release.xcconfig */;
			buildSettings = {
				INFOPLIST_FILE = tumblrUITests/Info.plist;
				LD_RUNPATH_SEARCH_PATHS = "$(inherited) @executable_path/Frameworks @loader_path/Frameworks";
				PRODUCT_BUNDLE_IDENTIFIER = com.codepath.tumblrUITests;
				PRODUCT_NAME = "$(TARGET_NAME)";
				TEST_TARGET_NAME = tumblr;
			};
			name = Release;
		};
/* End XCBuildConfiguration section */

/* Begin XCConfigurationList section */
		3F0EA0CA1D131501004B18DD /* Build configuration list for PBXProject "tumblr" */ = {
			isa = XCConfigurationList;
			buildConfigurations = (
				3F0EA0F51D131501004B18DD /* Debug */,
				3F0EA0F61D131501004B18DD /* Release */,
			);
			defaultConfigurationIsVisible = 0;
			defaultConfigurationName = Release;
		};
		3F0EA0F71D131501004B18DD /* Build configuration list for PBXNativeTarget "tumblr" */ = {
			isa = XCConfigurationList;
			buildConfigurations = (
				3F0EA0F81D131501004B18DD /* Debug */,
				3F0EA0F91D131501004B18DD /* Release */,
			);
			defaultConfigurationIsVisible = 0;
			defaultConfigurationName = Release;
		};
		3F0EA0FA1D131501004B18DD /* Build configuration list for PBXNativeTarget "tumblrTests" */ = {
			isa = XCConfigurationList;
			buildConfigurations = (
				3F0EA0FB1D131501004B18DD /* Debug */,
				3F0EA0FC1D131501004B18DD /* Release */,
			);
			defaultConfigurationIsVisible = 0;
			defaultConfigurationName = Release;
		};
		3F0EA0FD1D131501004B18DD /* Build configuration list for PBXNativeTarget "tumblrUITests" */ = {
			isa = XCConfigurationList;
			buildConfigurations = (
				3F0EA0FE1D131501004B18DD /* Debug */,
				3F0EA0FF1D131501004B18DD /* Release */,
			);
			defaultConfigurationIsVisible = 0;
			defaultConfigurationName = Release;
		};
/* End XCConfigurationList section */
	};
	rootObject = 3F0EA0C71D131501004B18DD /* Project object */;
}
